
Microsoft Visual Studio Solution File, Format Version 12.00
# Visual Studio Version 16
VisualStudioVersion = 16.0.32126.315
MinimumVisualStudioVersion = 10.0.40219.1
Project("{9A19103F-16F7-4668-BE54-9A1E7A4F7556}") = "NUAutomationFramework1", "NUAutomationFramework1\NUAutomationFramework1.csproj", "{F66D5D89-1656-480E-987C-BBCD4A20C1BF}"
EndProject
Project("{2150E333-8FDC-42A3-9474-1A3956D46DE8}") = "Solution Items", "Solution Items", "{4D0916CC-4C43-4E3B-9E35-347F17BDC755}"
	ProjectSection(SolutionItems) = preProject
		.gitignore.txt = .gitignore.txt
	EndProjectSection
EndProject
Global
	GlobalSection(SolutionConfigurationPlatforms) = preSolution
		Debug|Any CPU = Debug|Any CPU
		Release|Any CPU = Release|Any CPU
	EndGlobalSection
	GlobalSection(ProjectConfigurationPlatforms) = postSolution
		{F66D5D89-1656-480E-987C-BBCD4A20C1BF}.Debug|Any CPU.ActiveCfg = Debug|Any CPU
		{F66D5D89-1656-480E-987C-BBCD4A20C1BF}.Debug|Any CPU.Build.0 = Debug|Any CPU
		{F66D5D89-1656-480E-987C-BBCD4A20C1BF}.Release|Any CPU.ActiveCfg = Release|Any CPU
		{F66D5D89-1656-480E-987C-BBCD4A20C1BF}.Release|Any CPU.Build.0 = Release|Any CPU
	EndGlobalSection
	GlobalSection(SolutionProperties) = preSolution
		HideSolutionNode = FALSE
	EndGlobalSection
	GlobalSection(ExtensibilityGlobals) = postSolution
		SolutionGuid = {1C922C7F-C914-4F7B-8984-EA2CAD9EAA81}
	EndGlobalSection
EndGlobal
